
Microsoft Visual Studio Solution File, Format Version 12.00
# Visual Studio 15
VisualStudioVersion = 15.0.28307.421
MinimumVisualStudioVersion = 10.0.40219.1
Project("{FAE04EC0-301F-11D3-BF4B-00C04F79EFBC}") = "FleetManagementSystem", "FleetManagementSystem\FleetManagementSystem.csproj", "{122AD156-9142-4B34-A132-9BAF6A8A09B9}"
EndProject
Global
	GlobalSection(SolutionConfigurationPlatforms) = preSolution
		Debug|Any CPU = Debug|Any CPU
		Release|Any CPU = Release|Any CPU
	EndGlobalSection
	GlobalSection(ProjectConfigurationPlatforms) = postSolution
		{122AD156-9142-4B34-A132-9BAF6A8A09B9}.Debug|Any CPU.ActiveCfg = Debug|Any CPU
		{122AD156-9142-4B34-A132-9BAF6A8A09B9}.Debug|Any CPU.Build.0 = Debug|Any CPU
		{122AD156-9142-4B34-A132-9BAF6A8A09B9}.Release|Any CPU.ActiveCfg = Release|Any CPU
		{122AD156-9142-4B34-A132-9BAF6A8A09B9}.Release|Any CPU.Build.0 = Release|Any CPU
	EndGlobalSection
	GlobalSection(SolutionProperties) = preSolution
		HideSolutionNode = FALSE
	EndGlobalSection
	GlobalSection(ExtensibilityGlobals) = postSolution
		SolutionGuid = {6636B74C-A55B-42E1-9CC0-4E17EB9313FA}
	EndGlobalSection
EndGlobal
