
Microsoft Visual Studio Solution File, Format Version 12.00
# Visual Studio Version 16
VisualStudioVersion = 16.0.28729.10
MinimumVisualStudioVersion = 10.0.40219.1
Project("{FAE04EC0-301F-11D3-BF4B-00C04F79EFBC}") = "FleetApi1", "FleetApi1\FleetApi1.csproj", "{5890C300-EB03-45B7-A855-B6A8D5C4DD43}"
EndProject
Global
	GlobalSection(SolutionConfigurationPlatforms) = preSolution
		Debug|Any CPU = Debug|Any CPU
		Release|Any CPU = Release|Any CPU
	EndGlobalSection
	GlobalSection(ProjectConfigurationPlatforms) = postSolution
		{5890C300-EB03-45B7-A855-B6A8D5C4DD43}.Debug|Any CPU.ActiveCfg = Debug|Any CPU
		{5890C300-EB03-45B7-A855-B6A8D5C4DD43}.Debug|Any CPU.Build.0 = Debug|Any CPU
		{5890C300-EB03-45B7-A855-B6A8D5C4DD43}.Release|Any CPU.ActiveCfg = Release|Any CPU
		{5890C300-EB03-45B7-A855-B6A8D5C4DD43}.Release|Any CPU.Build.0 = Release|Any CPU
	EndGlobalSection
	GlobalSection(SolutionProperties) = preSolution
		HideSolutionNode = FALSE
	EndGlobalSection
	GlobalSection(ExtensibilityGlobals) = postSolution
		SolutionGuid = {6159562B-BD3D-401A-B361-DCE39EEB2D26}
	EndGlobalSection
EndGlobal
